<?xml version="1.0" encoding="utf-8"?>
<Project ToolsVersion="4.0" xmlns="http://schemas.microsoft.com/developer/msbuild/2003">
  <ItemGroup>
    <Filter Include="Source Files">
      <UniqueIdentifier>{4FC737F1-C7A5-4376-A066-2A32D752A2FF}</UniqueIdentifier>
      <Extensions>cpp;c;cc;cxx;c++;cppm;ixx;def;odl;idl;hpj;bat;asm;asmx</Extensions>
    </Filter>
    <Filter Include="Header Files">
      <UniqueIdentifier>{93995380-89BD-4b04-88EB-625FBE52EBFB}</UniqueIdentifier>
      <Extensions>h;hh;hpp;hxx;h++;hm;inl;inc;ipp;xsd</Extensions>
    </Filter>
    <Filter Include="Resource Files">
      <UniqueIdentifier>{67DA6AB6-F800-4c08-8B7A-83BB121AAD01}</UniqueIdentifier>
      <Extensions>rc;ico;cur;bmp;dlg;rc2;rct;bin;rgs;gif;jpg;jpeg;jpe;resx;tiff;tif;png;wav;mfcribbon-ms</Extensions>
    </Filter>
  </ItemGroup>
  <ItemGroup>
    <ClInclude Include="pch.h">
      <Filter>Header Files</Filter>
    </ClInclude>
    <ClInclude Include="FortniteGame\Public\Athena\FortGameModeAthena.h">
      <Filter>Header Files</Filter>
    </ClInclude>
    <ClInclude Include="FortniteGame\Public\Items\FortInventoryOwnerInterface.h">
      <Filter>Header Files</Filter>
    </ClInclude>
    <ClInclude Include="FortniteGame\Public\Athena\FortGameStateAthena.h">
      <Filter>Header Files</Filter>
    </ClInclude>
    <ClInclude Include="FortniteGame\Public\Items\FortInventory.h">
      <Filter>Header Files</Filter>
    </ClInclude>
    <ClInclude Include="Runtime\Engine\Classes\Engine\Engine.h">
      <Filter>Header Files</Filter>
    </ClInclude>
    <ClInclude Include="OnlineSubsystemUtils\Classes\IpNetDriver.h">
      <Filter>Header Files</Filter>
    </ClInclude>
    <ClInclude Include="Runtime\Engine\Classes\Engine\NetDriver.h">
      <Filter>Header Files</Filter>
    </ClInclude>
    <ClInclude Include="Runtime\Engine\Classes\Engine\ReplicationDriver.h">
      <Filter>Header Files</Filter>
    </ClInclude>
    <ClInclude Include="FortniteGame\Public\Online\FortGameSession.h">
      <Filter>Header Files</Filter>
    </ClInclude>
    <ClInclude Include="OnlineGameplayFramework\Public\McpProfileSys\McpProfileGroup.h">
      <Filter>Header Files</Filter>
    </ClInclude>
    <ClInclude Include="Runtime\CoreUObject\Public\UObject\UObjectBaseUtility.h">
      <Filter>Header Files</Filter>
    </ClInclude>
    <ClInclude Include="FortniteGame\Public\Athena\FortPlayerControllerAthena.h">
      <Filter>Header Files</Filter>
    </ClInclude>
    <ClInclude Include="FortniteGame\Public\Athena\FortPlayerStateAthena.h">
      <Filter>Header Files</Filter>
    </ClInclude>
    <ClInclude Include="FortniteGame\Public\Pawns\FortPlayerPawn.h">
      <Filter>Header Files</Filter>
    </ClInclude>
    <ClInclude Include="FortniteGame\Public\Items\FortPickup.h">
      <Filter>Header Files</Filter>
    </ClInclude>
    <ClInclude Include="Runtime\Engine\Classes\Engine\World.h">
      <Filter>Header Files</Filter>
    </ClInclude>
    <ClInclude Include="Runtime\Engine\Classes\Engine\EngineBaseTypes.h">
      <Filter>Header Files</Filter>
    </ClInclude>
    <ClInclude Include="GameplayAbilities\Public\AbilitySystemComponent.h">
      <Filter>Header Files</Filter>
    </ClInclude>
    <ClInclude Include="Runtime\CoreUObject\Public\UObject\UObjectGlobals.h">
      <Filter>Header Files</Filter>
    </ClInclude>
    <ClInclude Include="GameplayAbilities\Public\Abilities\GameplayAbility.h">
      <Filter>Header Files</Filter>
    </ClInclude>
    <ClInclude Include="FortniteGame\Public\Building\BuildingActor.h">
      <Filter>Header Files</Filter>
    </ClInclude>
    <ClInclude Include="FortniteGame\Public\Building\BuildingSMActor.h">
      <Filter>Header Files</Filter>
    </ClInclude>
    <ClInclude Include="Runtime\Engine\Classes\GameFramework\Actor.h">
      <Filter>Header Files</Filter>
    </ClInclude>
    <ClInclude Include="FortniteGame\Public\Building\BuildingContainer.h">
      <Filter>Header Files</Filter>
    </ClInclude>
    <ClInclude Include="KismetLootLibrary.h">
      <Filter>Header Files</Filter>
    </ClInclude>
    <ClInclude Include="Runtime\CoreUObject\Public\UObject\UObjectBase.h">
      <Filter>Header Files</Filter>
    </ClInclude>
    <ClInclude Include="FortniteGame\Public\Athena\FortAthenaCreativePortal.h">
      <Filter>Header Files</Filter>
    </ClInclude>
    <ClInclude Include="Runtime\Core\Public\Misc\OutputDevice.h">
      <Filter>Header Files</Filter>
    </ClInclude>
    <ClInclude Include="Runtime\CoreUObject\Public\UObject\Stack.h">
      <Filter>Header Files</Filter>
    </ClInclude>
    <ClInclude Include="FortniteGame\Public\PlaysetLevelStreamComponent.h">
      <Filter>Header Files</Filter>
    </ClInclude>
    <ClInclude Include="FortniteGame\Public\FortKismetLibrary.h">
      <Filter>Header Files</Filter>
    </ClInclude>
    <ClInclude Include="KismetBotLibrary.h">
      <Filter>Header Files</Filter>
    </ClInclude>
    <ClInclude Include="CheatHandler.h">
      <Filter>Header Files</Filter>
    </ClInclude>
    <ClInclude Include="FortniteGame\Public\Athena\FortAthenaSupplyDrop.h">
      <Filter>Header Files</Filter>
    </ClInclude>
    <ClInclude Include="FortniteGame\Public\Athena\FortAthenaVehicle.h">
      <Filter>Header Files</Filter>
    </ClInclude>
    <ClInclude Include="FortniteGame\Public\Items\FortWorldItem.h">
      <Filter>Header Files</Filter>
    </ClInclude>
    <ClInclude Include="FortniteGame\Public\Athena\FortAthenaMapInfo.h">
      <Filter>Header Files</Filter>
    </ClInclude>
    <ClInclude Include="FortniteGame\Public\Building\BuildingFoundation.h">
      <Filter>Header Files</Filter>
    </ClInclude>
  </ItemGroup>
  <ItemGroup>
    <ClCompile Include="dllmain.cpp">
      <Filter>Source Files</Filter>
    </ClCompile>
    <ClCompile Include="pch.cpp">
      <Filter>Source Files</Filter>
    </ClCompile>
    <ClCompile Include="FortniteGame\Private\Athena\FortGameModeAthena.cpp">
      <Filter>Source Files</Filter>
    </ClCompile>
    <ClCompile Include="FortniteGame\Private\Items\FortInventoryOwnerInterface.cpp">
      <Filter>Source Files</Filter>
    </ClCompile>
    <ClCompile Include="FortniteGame\Private\Athena\FortGameStateAthena.cpp">
      <Filter>Source Files</Filter>
    </ClCompile>
    <ClCompile Include="FortniteGame\Private\Items\FortInventory.cpp">
      <Filter>Source Files</Filter>
    </ClCompile>
    <ClCompile Include="Runtime\Engine\Private\GameEngine.cpp">
      <Filter>Source Files</Filter>
    </ClCompile>
    <ClCompile Include="OnlineSubsystemUtils\Private\IpNetDriver.cpp">
      <Filter>Source Files</Filter>
    </ClCompile>
    <ClCompile Include="Runtime\Engine\Private\NetworkDriver.cpp">
      <Filter>Source Files</Filter>
    </ClCompile>
    <ClCompile Include="FortniteGame\Private\Online\FortGameSession.cpp">
      <Filter>Source Files</Filter>
    </ClCompile>
    <ClCompile Include="OnlineGameplayFramework\Private\McpProfileSys\McpProfileGroup.cpp">
      <Filter>Source Files</Filter>
    </ClCompile>
    <ClCompile Include="CppSDK\SDK\Basic.cpp">
      <Filter>Source Files</Filter>
    </ClCompile>
    <ClCompile Include="CppSDK\SDK\Engine_functions.cpp">
      <Filter>Source Files</Filter>
    </ClCompile>
    <ClCompile Include="CppSDK\SDK\FortniteGame_functions.cpp">
      <Filter>Source Files</Filter>
    </ClCompile>
    <ClCompile Include="CppSDK\SDK\CoreUObject_functions.cpp">
      <Filter>Source Files</Filter>
    </ClCompile>
    <ClCompile Include="CppSDK\SDK\GameplayAbilities_functions.cpp">
      <Filter>Source Files</Filter>
    </ClCompile>
    <ClCompile Include="MinHook\src\trampoline.c">
      <Filter>Source Files</Filter>
    </ClCompile>
    <ClCompile Include="MinHook\src\hook.c">
      <Filter>Source Files</Filter>
    </ClCompile>
    <ClCompile Include="MinHook\src\buffer.c">
      <Filter>Source Files</Filter>
    </ClCompile>
    <ClCompile Include="MinHook\src\hde\hde64.c">
      <Filter>Source Files</Filter>
    </ClCompile>
    <ClCompile Include="MinHook\src\hde\hde32.c">
      <Filter>Source Files</Filter>
    </ClCompile>
    <ClCompile Include="Runtime\CoreUObject\Private\UObject\UObjectBaseUtility.cpp">
      <Filter>Source Files</Filter>
    </ClCompile>
    <ClCompile Include="FortniteGame\Private\Athena\FortPlayerControllerAthena.cpp">
      <Filter>Source Files</Filter>
    </ClCompile>
    <ClCompile Include="FortniteGame\Private\Athena\FortPlayerStateAthena.cpp">
      <Filter>Source Files</Filter>
    </ClCompile>
    <ClCompile Include="FortniteGame\Private\Pawns\FortPlayerPawn.cpp">
      <Filter>Source Files</Filter>
    </ClCompile>
    <ClCompile Include="FortniteGame\Private\Items\FortPickup.cpp">
      <Filter>Source Files</Filter>
    </ClCompile>
    <ClCompile Include="Runtime\Engine\Private\World.cpp">
      <Filter>Source Files</Filter>
    </ClCompile>
    <ClCompile Include="GameplayAbilities\Private\AbilitySystemComponent.cpp">
      <Filter>Source Files</Filter>
    </ClCompile>
    <ClCompile Include="Runtime\CoreUObject\Private\UObject\UObjectGlobals.cpp">
      <Filter>Source Files</Filter>
    </ClCompile>
    <ClCompile Include="GameplayAbilities\Private\Abilities\GameplayAbility.cpp">
      <Filter>Source Files</Filter>
    </ClCompile>
    <ClCompile Include="FortniteGame\Private\Building\BuildingActor.cpp">
      <Filter>Source Files</Filter>
    </ClCompile>
    <ClCompile Include="FortniteGame\Private\Building\BuildingSMActor.cpp">
      <Filter>Source Files</Filter>
    </ClCompile>
    <ClCompile Include="Runtime\Engine\Private\Actor.cpp">
      <Filter>Source Files</Filter>
    </ClCompile>
    <ClCompile Include="FortniteGame\Private\Building\BuildingContainer.cpp">
      <Filter>Source Files</Filter>
    </ClCompile>
    <ClCompile Include="KismetLootLibrary.cpp">
      <Filter>Source Files</Filter>
    </ClCompile>
    <ClCompile Include="Runtime\CoreUObject\Private\UObject\UObjectBase.cpp">
      <Filter>Source Files</Filter>
    </ClCompile>
    <ClCompile Include="FortniteGame\Private\Athena\FortAthenaCreativePortal.cpp">
      <Filter>Source Files</Filter>
    </ClCompile>
    <ClCompile Include="Runtime\Core\Private\Misc\OutputDevice.cpp">
      <Filter>Source Files</Filter>
    </ClCompile>
    <ClCompile Include="Runtime\CoreUObject\Private\UObject\Stack.cpp">
      <Filter>Source Files</Filter>
    </ClCompile>
    <ClCompile Include="FortniteGame\Private\PlaysetLevelStreamComponent.cpp">
      <Filter>Source Files</Filter>
    </ClCompile>
    <ClCompile Include="FortniteGame\Private\FortKismetLibrary.cpp">
      <Filter>Source Files</Filter>
    </ClCompile>
    <ClCompile Include="KismetBotLibrary.cpp">
      <Filter>Source Files</Filter>
    </ClCompile>
    <ClCompile Include="CheatHandler.cpp">
      <Filter>Source Files</Filter>
    </ClCompile>
    <ClCompile Include="Runtime\CoreUObject\Private\UObject\GarbageCollection.cpp">
      <Filter>Source Files</Filter>
    </ClCompile>
    <ClCompile Include="FortniteGame\Private\Athena\FortAthenaSupplyDrop.cpp">
      <Filter>Source Files</Filter>
    </ClCompile>
    <ClCompile Include="FortniteGame\Private\Athena\FortAthenaVehicle.cpp">
      <Filter>Source Files</Filter>
    </ClCompile>
    <ClCompile Include="FortniteGame\Private\Items\FortWorldItem.cpp">
      <Filter>Source Files</Filter>
    </ClCompile>
    <ClCompile Include="FortniteGame\Private\Athena\FortAthenaMapInfo.cpp">
      <Filter>Source Files</Filter>
    </ClCompile>
    <ClCompile Include="FortniteGame\Private\Building\BuildingFoundation.cpp">
      <Filter>Source Files</Filter>
    </ClCompile>
  </ItemGroup>
</Project>